version = 1

[[sources]]
name = "jupyter"
git = "https://github.com/emacs-jupyter/jupyter.git"
resolved = "default"
commit = "05ea84067f784fb7cd1f829d7a0fadcad20466aa"
digest = "blake3:da9d94771469bedba99cc1acc95ccc08ccb388699af0381d6856abc2d0a625dd"
config_digest = "blake3:7b7015bb92cf0b318037702a6cdd81dee41224f734684c2c122cd6359cb1ee63"

[[sources]]
name = "agent-shell"
git = "https://github.com/xenodium/agent-shell.git"
resolved = "default"
commit = "969619422b45107eddb12c6d5e951909a0330627"
digest = "blake3:221fedff240eca08c47226b98813c44706379b9cdaa4a5e41b4291bbbf57d204"
config_digest = "blake3:726cdd9064a8067cb9cbefb806fb0ad8ece21d5e96e3d3873a61f9721c6cab9f"
